{
  "originHash" : "0c85156b4d8a0ca0e4e5991ac2d22d97361996c49a0f3257c26796a1a029e7c1",
  "pins" : [
    {
      "identity" : "kdcircularprogress",
      "kind" : "remoteSourceControl",
      "location" : "https://github.com/kaandedeoglu/KDCircularProgress.git",
      "state" : {
        "revision" : "a0f30e0605b7ac91ac1b243efd9914b3fd592ad3",
        "version" : "1.5.4"
      }
    },
    {
      "identity" : "kingfisher",
      "kind" : "remoteSourceControl",
      "location" : "https://github.com/onevcat/Kingfisher.git",
      "state" : {
        "revision" : "2015fda791daa72c8058619545a593bf8c1dd59f",
        "version" : "8.5.0"
      }
    },
    {
      "identity" : "snapkit",
      "kind" : "remoteSourceControl",
      "location" : "https://github.com/SnapKit/SnapKit.git",
      "state" : {
        "revision" : "2842e6e84e82eb9a8dac0100ca90d9444b0307f4",
        "version" : "5.7.1"
      }
    }
  ],
  "version" : 3
}
